
Microsoft Visual Studio Solution File, Format Version 12.00
# Visual Studio 15
VisualStudioVersion = 15.0.28010.2003
MinimumVisualStudioVersion = 10.0.40219.1
Project("{FAE04EC0-301F-11D3-BF4B-00C04F79EFBC}") = "OneRoster", "OneRoster\OneRoster.csproj", "{6A5DE591-3A77-47E3-9958-CC9876CABB0F}"
EndProject
Global
	GlobalSection(SolutionConfigurationPlatforms) = preSolution
		Debug|Any CPU = Debug|Any CPU
		Release|Any CPU = Release|Any CPU
	EndGlobalSection
	GlobalSection(ProjectConfigurationPlatforms) = postSolution
		{6A5DE591-3A77-47E3-9958-CC9876CABB0F}.Debug|Any CPU.ActiveCfg = Debug|Any CPU
		{6A5DE591-3A77-47E3-9958-CC9876CABB0F}.Debug|Any CPU.Build.0 = Debug|Any CPU
		{6A5DE591-3A77-47E3-9958-CC9876CABB0F}.Release|Any CPU.ActiveCfg = Release|Any CPU
		{6A5DE591-3A77-47E3-9958-CC9876CABB0F}.Release|Any CPU.Build.0 = Release|Any CPU
	EndGlobalSection
	GlobalSection(SolutionProperties) = preSolution
		HideSolutionNode = FALSE
	EndGlobalSection
	GlobalSection(ExtensibilityGlobals) = postSolution
		SolutionGuid = {991CABA2-D8CF-47BA-B2CB-312D10565242}
	EndGlobalSection
EndGlobal
